
Microsoft Visual Studio Solution File, Format Version 12.00
# Visual Studio Version 17
VisualStudioVersion = 17.4.33213.308
MinimumVisualStudioVersion = 10.0.40219.1
Project("{FAE04EC0-301F-11D3-BF4B-00C04F79EFBC}") = "Fruit or vegetable", "Fruit or vegetable.csproj", "{4736A8FA-F8C4-48F6-B5E9-FEB592255E9D}"
EndProject
Global
	GlobalSection(SolutionConfigurationPlatforms) = preSolution
		Debug|Any CPU = Debug|Any CPU
		Release|Any CPU = Release|Any CPU
	EndGlobalSection
	GlobalSection(ProjectConfigurationPlatforms) = postSolution
		{4736A8FA-F8C4-48F6-B5E9-FEB592255E9D}.Debug|Any CPU.ActiveCfg = Debug|Any CPU
		{4736A8FA-F8C4-48F6-B5E9-FEB592255E9D}.Debug|Any CPU.Build.0 = Debug|Any CPU
		{4736A8FA-F8C4-48F6-B5E9-FEB592255E9D}.Release|Any CPU.ActiveCfg = Release|Any CPU
		{4736A8FA-F8C4-48F6-B5E9-FEB592255E9D}.Release|Any CPU.Build.0 = Release|Any CPU
	EndGlobalSection
	GlobalSection(SolutionProperties) = preSolution
		HideSolutionNode = FALSE
	EndGlobalSection
	GlobalSection(ExtensibilityGlobals) = postSolution
		SolutionGuid = {69583FA9-234C-46F7-8B0A-8CC89D83707E}
	EndGlobalSection
EndGlobal
