
Microsoft Visual Studio Solution File, Format Version 12.00
# Visual Studio Version 17
VisualStudioVersion = 17.4.33213.308
MinimumVisualStudioVersion = 10.0.40219.1
Project("{FAE04EC0-301F-11D3-BF4B-00C04F79EFBC}") = "A number in the interval", "A number in the interval.csproj", "{CEFE9B82-28C7-4DC5-A10E-934D06EDA366}"
EndProject
Global
	GlobalSection(SolutionConfigurationPlatforms) = preSolution
		Debug|Any CPU = Debug|Any CPU
		Release|Any CPU = Release|Any CPU
	EndGlobalSection
	GlobalSection(ProjectConfigurationPlatforms) = postSolution
		{CEFE9B82-28C7-4DC5-A10E-934D06EDA366}.Debug|Any CPU.ActiveCfg = Debug|Any CPU
		{CEFE9B82-28C7-4DC5-A10E-934D06EDA366}.Debug|Any CPU.Build.0 = Debug|Any CPU
		{CEFE9B82-28C7-4DC5-A10E-934D06EDA366}.Release|Any CPU.ActiveCfg = Release|Any CPU
		{CEFE9B82-28C7-4DC5-A10E-934D06EDA366}.Release|Any CPU.Build.0 = Release|Any CPU
	EndGlobalSection
	GlobalSection(SolutionProperties) = preSolution
		HideSolutionNode = FALSE
	EndGlobalSection
	GlobalSection(ExtensibilityGlobals) = postSolution
		SolutionGuid = {79801D18-CA35-4FFD-A7AD-F615639872B4}
	EndGlobalSection
EndGlobal
